
Microsoft Visual Studio Solution File, Format Version 12.00
# Visual Studio Version 17
VisualStudioVersion = 17.0.31912.275
MinimumVisualStudioVersion = 10.0.40219.1
Project("{FAE04EC0-301F-11D3-BF4B-00C04F79EFBC}") = "BackupRestore", "BackupRestore\BackupRestore.csproj", "{701C9DE9-78B7-45F7-97EE-4769BEAB057D}"
EndProject
Global
	GlobalSection(SolutionConfigurationPlatforms) = preSolution
		Debug|Any CPU = Debug|Any CPU
		Release|Any CPU = Release|Any CPU
	EndGlobalSection
	GlobalSection(ProjectConfigurationPlatforms) = postSolution
		{701C9DE9-78B7-45F7-97EE-4769BEAB057D}.Debug|Any CPU.ActiveCfg = Debug|Any CPU
		{701C9DE9-78B7-45F7-97EE-4769BEAB057D}.Debug|Any CPU.Build.0 = Debug|Any CPU
		{701C9DE9-78B7-45F7-97EE-4769BEAB057D}.Release|Any CPU.ActiveCfg = Release|Any CPU
		{701C9DE9-78B7-45F7-97EE-4769BEAB057D}.Release|Any CPU.Build.0 = Release|Any CPU
	EndGlobalSection
	GlobalSection(SolutionProperties) = preSolution
		HideSolutionNode = FALSE
	EndGlobalSection
	GlobalSection(ExtensibilityGlobals) = postSolution
		SolutionGuid = {2C81A3D5-7210-4E4B-A864-79D898071912}
	EndGlobalSection
EndGlobal
